
Microsoft Visual Studio Solution File, Format Version 12.00
# Visual Studio Version 16
VisualStudioVersion = 16.0.32126.315
MinimumVisualStudioVersion = 10.0.40219.1
Project("{FAE04EC0-301F-11D3-BF4B-00C04F79EFBC}") = "GameCenter", "GameCenter\GameCenter.csproj", "{C7C3BF8B-CD9C-42A2-8982-8B0587EDB501}"
EndProject
Global
	GlobalSection(SolutionConfigurationPlatforms) = preSolution
		Debug|Any CPU = Debug|Any CPU
		Release|Any CPU = Release|Any CPU
	EndGlobalSection
	GlobalSection(ProjectConfigurationPlatforms) = postSolution
		{C7C3BF8B-CD9C-42A2-8982-8B0587EDB501}.Debug|Any CPU.ActiveCfg = Debug|Any CPU
		{C7C3BF8B-CD9C-42A2-8982-8B0587EDB501}.Debug|Any CPU.Build.0 = Debug|Any CPU
		{C7C3BF8B-CD9C-42A2-8982-8B0587EDB501}.Release|Any CPU.ActiveCfg = Release|Any CPU
		{C7C3BF8B-CD9C-42A2-8982-8B0587EDB501}.Release|Any CPU.Build.0 = Release|Any CPU
	EndGlobalSection
	GlobalSection(SolutionProperties) = preSolution
		HideSolutionNode = FALSE
	EndGlobalSection
	GlobalSection(ExtensibilityGlobals) = postSolution
		SolutionGuid = {1B3C0FE2-7E5E-4219-A49B-52B476482B81}
	EndGlobalSection
EndGlobal
