
Microsoft Visual Studio Solution File, Format Version 12.00
# Visual Studio Version 16
VisualStudioVersion = 16.0.32413.511
MinimumVisualStudioVersion = 10.0.40219.1
Project("{FAE04EC0-301F-11D3-BF4B-00C04F79EFBC}") = "TemaGiydirme", "TemaGiydirme\TemaGiydirme.csproj", "{1EF7D389-18EE-42C5-83AE-89FFDF8A41BB}"
EndProject
Global
	GlobalSection(SolutionConfigurationPlatforms) = preSolution
		Debug|Any CPU = Debug|Any CPU
		Release|Any CPU = Release|Any CPU
	EndGlobalSection
	GlobalSection(ProjectConfigurationPlatforms) = postSolution
		{1EF7D389-18EE-42C5-83AE-89FFDF8A41BB}.Debug|Any CPU.ActiveCfg = Debug|Any CPU
		{1EF7D389-18EE-42C5-83AE-89FFDF8A41BB}.Debug|Any CPU.Build.0 = Debug|Any CPU
		{1EF7D389-18EE-42C5-83AE-89FFDF8A41BB}.Release|Any CPU.ActiveCfg = Release|Any CPU
		{1EF7D389-18EE-42C5-83AE-89FFDF8A41BB}.Release|Any CPU.Build.0 = Release|Any CPU
	EndGlobalSection
	GlobalSection(SolutionProperties) = preSolution
		HideSolutionNode = FALSE
	EndGlobalSection
	GlobalSection(ExtensibilityGlobals) = postSolution
		SolutionGuid = {3B2AE411-96DA-47D4-9BD4-ACE4CAF44F39}
	EndGlobalSection
EndGlobal
