
Microsoft Visual Studio Solution File, Format Version 12.00
# Visual Studio Version 16
VisualStudioVersion = 16.0.32126.315
MinimumVisualStudioVersion = 10.0.40219.1
Project("{FAE04EC0-301F-11D3-BF4B-00C04F79EFBC}") = "KrediHesaplayici", "KrediHesaplayici\KrediHesaplayici.csproj", "{046237FD-8CD5-4B7C-9D4E-D289CB5FAECB}"
EndProject
Project("{FAE04EC0-301F-11D3-BF4B-00C04F79EFBC}") = "Uygulama1", "Uygulama1\Uygulama1.csproj", "{6385B22E-A220-4A6C-B49E-595BE54B5592}"
EndProject
Project("{FAE04EC0-301F-11D3-BF4B-00C04F79EFBC}") = "Uygulama2", "Uygulama2\Uygulama2.csproj", "{13FB53B4-86E5-4255-B96E-33DC685F61D7}"
EndProject
Project("{FAE04EC0-301F-11D3-BF4B-00C04F79EFBC}") = "Uygulama3", "Uygulama3\Uygulama3.csproj", "{93D0B04C-4101-4F8E-8205-56755A27F434}"
EndProject
Global
	GlobalSection(SolutionConfigurationPlatforms) = preSolution
		Debug|Any CPU = Debug|Any CPU
		Release|Any CPU = Release|Any CPU
	EndGlobalSection
	GlobalSection(ProjectConfigurationPlatforms) = postSolution
		{046237FD-8CD5-4B7C-9D4E-D289CB5FAECB}.Debug|Any CPU.ActiveCfg = Debug|Any CPU
		{046237FD-8CD5-4B7C-9D4E-D289CB5FAECB}.Debug|Any CPU.Build.0 = Debug|Any CPU
		{046237FD-8CD5-4B7C-9D4E-D289CB5FAECB}.Release|Any CPU.ActiveCfg = Release|Any CPU
		{046237FD-8CD5-4B7C-9D4E-D289CB5FAECB}.Release|Any CPU.Build.0 = Release|Any CPU
		{6385B22E-A220-4A6C-B49E-595BE54B5592}.Debug|Any CPU.ActiveCfg = Debug|Any CPU
		{6385B22E-A220-4A6C-B49E-595BE54B5592}.Debug|Any CPU.Build.0 = Debug|Any CPU
		{6385B22E-A220-4A6C-B49E-595BE54B5592}.Release|Any CPU.ActiveCfg = Release|Any CPU
		{6385B22E-A220-4A6C-B49E-595BE54B5592}.Release|Any CPU.Build.0 = Release|Any CPU
		{13FB53B4-86E5-4255-B96E-33DC685F61D7}.Debug|Any CPU.ActiveCfg = Debug|Any CPU
		{13FB53B4-86E5-4255-B96E-33DC685F61D7}.Debug|Any CPU.Build.0 = Debug|Any CPU
		{13FB53B4-86E5-4255-B96E-33DC685F61D7}.Release|Any CPU.ActiveCfg = Release|Any CPU
		{13FB53B4-86E5-4255-B96E-33DC685F61D7}.Release|Any CPU.Build.0 = Release|Any CPU
		{93D0B04C-4101-4F8E-8205-56755A27F434}.Debug|Any CPU.ActiveCfg = Debug|Any CPU
		{93D0B04C-4101-4F8E-8205-56755A27F434}.Debug|Any CPU.Build.0 = Debug|Any CPU
		{93D0B04C-4101-4F8E-8205-56755A27F434}.Release|Any CPU.ActiveCfg = Release|Any CPU
		{93D0B04C-4101-4F8E-8205-56755A27F434}.Release|Any CPU.Build.0 = Release|Any CPU
	EndGlobalSection
	GlobalSection(SolutionProperties) = preSolution
		HideSolutionNode = FALSE
	EndGlobalSection
	GlobalSection(ExtensibilityGlobals) = postSolution
		SolutionGuid = {9C8D3821-423A-4FDA-A823-CC12C59E28D0}
	EndGlobalSection
EndGlobal
