
Microsoft Visual Studio Solution File, Format Version 12.00
# Visual Studio Version 16
VisualStudioVersion = 16.0.32126.315
MinimumVisualStudioVersion = 10.0.40219.1
Project("{FAE04EC0-301F-11D3-BF4B-00C04F79EFBC}") = "Uygulama", "Uygulama\Uygulama.csproj", "{E810C78A-F818-4DCA-83DE-4BED67C85F97}"
EndProject
Project("{FAE04EC0-301F-11D3-BF4B-00C04F79EFBC}") = "Uygulama2", "Uygulama2\Uygulama2.csproj", "{A45989C2-205E-4B21-A8A2-EF318D2FCE1C}"
EndProject
Project("{FAE04EC0-301F-11D3-BF4B-00C04F79EFBC}") = "Uygulama3", "Uygulama3\Uygulama3.csproj", "{BA73A030-56CA-4BA1-AF93-1B87CD9407F9}"
EndProject
Global
	GlobalSection(SolutionConfigurationPlatforms) = preSolution
		Debug|Any CPU = Debug|Any CPU
		Release|Any CPU = Release|Any CPU
	EndGlobalSection
	GlobalSection(ProjectConfigurationPlatforms) = postSolution
		{E810C78A-F818-4DCA-83DE-4BED67C85F97}.Debug|Any CPU.ActiveCfg = Debug|Any CPU
		{E810C78A-F818-4DCA-83DE-4BED67C85F97}.Debug|Any CPU.Build.0 = Debug|Any CPU
		{E810C78A-F818-4DCA-83DE-4BED67C85F97}.Release|Any CPU.ActiveCfg = Release|Any CPU
		{E810C78A-F818-4DCA-83DE-4BED67C85F97}.Release|Any CPU.Build.0 = Release|Any CPU
		{A45989C2-205E-4B21-A8A2-EF318D2FCE1C}.Debug|Any CPU.ActiveCfg = Debug|Any CPU
		{A45989C2-205E-4B21-A8A2-EF318D2FCE1C}.Debug|Any CPU.Build.0 = Debug|Any CPU
		{A45989C2-205E-4B21-A8A2-EF318D2FCE1C}.Release|Any CPU.ActiveCfg = Release|Any CPU
		{A45989C2-205E-4B21-A8A2-EF318D2FCE1C}.Release|Any CPU.Build.0 = Release|Any CPU
		{BA73A030-56CA-4BA1-AF93-1B87CD9407F9}.Debug|Any CPU.ActiveCfg = Debug|Any CPU
		{BA73A030-56CA-4BA1-AF93-1B87CD9407F9}.Debug|Any CPU.Build.0 = Debug|Any CPU
		{BA73A030-56CA-4BA1-AF93-1B87CD9407F9}.Release|Any CPU.ActiveCfg = Release|Any CPU
		{BA73A030-56CA-4BA1-AF93-1B87CD9407F9}.Release|Any CPU.Build.0 = Release|Any CPU
	EndGlobalSection
	GlobalSection(SolutionProperties) = preSolution
		HideSolutionNode = FALSE
	EndGlobalSection
	GlobalSection(ExtensibilityGlobals) = postSolution
		SolutionGuid = {65F82213-9CF7-4ACF-BE78-1A15227D2069}
	EndGlobalSection
EndGlobal
